
Microsoft Visual Studio Solution File, Format Version 12.00
# Visual Studio Version 16
VisualStudioVersion = 16.0.30114.105
MinimumVisualStudioVersion = 10.0.40219.1
Project("{2150E333-8FDC-42A3-9474-1A3956D46DE8}") = "nmfx", "nmfx", "{10969D9F-C70B-4A52-B772-ACDFE02BE50D}"
EndProject
Project("{2150E333-8FDC-42A3-9474-1A3956D46DE8}") = "Mettle.Core", "Mettle.Core", "{E6496690-FE59-4181-B3D3-5B767DDC615C}"
EndProject
Project("{FAE04EC0-301F-11D3-BF4B-00C04F79EFBC}") = "Mettle.Core", "nmfx\Mettle.Core\src\Mettle.Core.csproj", "{710252E4-24D8-4B13-AF42-457F3CF25CC4}"
EndProject
Project("{2150E333-8FDC-42A3-9474-1A3956D46DE8}") = "Mettle.Assert", "Mettle.Assert", "{3CD1D9B4-2C2F-4D22-A9BD-A444E4B9B880}"
EndProject
Project("{FAE04EC0-301F-11D3-BF4B-00C04F79EFBC}") = "Mettle.Assert", "nmfx\Mettle.Assert\src\Mettle.Assert.csproj", "{B27A75C7-1A42-4981-BE4B-06694249C301}"
EndProject
Project("{2150E333-8FDC-42A3-9474-1A3956D46DE8}") = "Mettle.DepdendencyInjection", "Mettle.DepdendencyInjection", "{584C741A-0D61-457D-83FE-AB6C6213F5F5}"
EndProject
Project("{FAE04EC0-301F-11D3-BF4B-00C04F79EFBC}") = "Mettle.DependencyInjection", "nmfx\Mettle.DepdendencyInjection\src\Mettle.DependencyInjection.csproj", "{3AB3B9F4-B7CE-45F4-B0F5-72298ED07168}"
EndProject
Project("{2150E333-8FDC-42A3-9474-1A3956D46DE8}") = "Mettle.Hosting", "Mettle.Hosting", "{8B5DE5B7-0769-4190-BB0C-7114CA3814FF}"
EndProject
Project("{FAE04EC0-301F-11D3-BF4B-00C04F79EFBC}") = "Mettle.Hosting", "nmfx\Mettle.Hosting\src\Mettle.Hosting.csproj", "{4F646F2E-B3D6-4ED8-8A52-3CEA439486DF}"
EndProject
Project("{2150E333-8FDC-42A3-9474-1A3956D46DE8}") = "Mettle", "Mettle", "{C336A8D6-BE36-46B5-858D-CDCE74F5D5A2}"
EndProject
Project("{FAE04EC0-301F-11D3-BF4B-00C04F79EFBC}") = "Mettle", "nmfx\Mettle\src\Mettle.csproj", "{E9F74DB6-0B73-431E-A821-8D97871B1065}"
EndProject
Project("{2150E333-8FDC-42A3-9474-1A3956D46DE8}") = "CommandLine.Spectre", "CommandLine.Spectre", "{611921CF-5EAE-49EA-BC4F-9A146DCACF39}"
EndProject
Project("{FAE04EC0-301F-11D3-BF4B-00C04F79EFBC}") = "NerdyMishka.CommandLine.Spectre", "nmfx\CommandLine.Spectre\src\NerdyMishka.CommandLine.Spectre.csproj", "{68802C6F-5C08-4FA6-964C-EEA5B83BACA4}"
EndProject
Project("{2150E333-8FDC-42A3-9474-1A3956D46DE8}") = "CommandLine.Composition", "CommandLine.Composition", "{B8BDE724-5BE0-42FE-A67D-1E7FD67DDEE3}"
EndProject
Project("{FAE04EC0-301F-11D3-BF4B-00C04F79EFBC}") = "NerdyMishka.CommandLine.Composition", "nmfx\CommandLine.Composition\src\NerdyMishka.CommandLine.Composition.csproj", "{534893EF-B17E-42A8-9232-E3644FB2A76A}"
EndProject
Project("{2150E333-8FDC-42A3-9474-1A3956D46DE8}") = "CommandLine.Hosting", "CommandLine.Hosting", "{2A80F781-A387-4F12-B81E-CBB8485FF72C}"
EndProject
Project("{FAE04EC0-301F-11D3-BF4B-00C04F79EFBC}") = "NerdyMishka.CommandLine.Hosting", "nmfx\CommandLine.Hosting\src\NerdyMishka.CommandLine.Hosting.csproj", "{E2912182-242E-4CF6-AFDC-8B1FDECDF3C8}"
EndProject
Project("{2150E333-8FDC-42A3-9474-1A3956D46DE8}") = "Platform.Primitives", "Platform.Primitives", "{43D2DE7C-D6BF-4CCA-BD70-500AC86929B4}"
EndProject
Project("{FAE04EC0-301F-11D3-BF4B-00C04F79EFBC}") = "NerdyMishka.Platform.Primitives", "nmfx\Platform.Primitives\src\NerdyMishka.Platform.Primitives.csproj", "{A466CA88-BEA2-4629-84B9-003B256B0AB7}"
EndProject
Project("{2150E333-8FDC-42A3-9474-1A3956D46DE8}") = "Security.Abstractions", "Security.Abstractions", "{0A56AAA6-ADF5-4ED2-86DA-FA1AACCAC506}"
EndProject
Project("{FAE04EC0-301F-11D3-BF4B-00C04F79EFBC}") = "NerdyMishka.Security.Abstractions", "nmfx\Security.Abstractions\src\NerdyMishka.Security.Abstractions.csproj", "{97A37C8F-01F6-4BC0-AEE5-7A316AF7D69E}"
EndProject
Project("{2150E333-8FDC-42A3-9474-1A3956D46DE8}") = "Security.Cryptography", "Security.Cryptography", "{588990CC-B243-4FFC-90E8-2A58F5DB9D79}"
EndProject
Project("{FAE04EC0-301F-11D3-BF4B-00C04F79EFBC}") = "NerdyMishka.Security.Cryptography", "nmfx\Security.Cryptography\src\NerdyMishka.Security.Cryptography.csproj", "{5E852DBC-8AAF-44B9-95A1-7D853896210B}"
EndProject
Project("{2150E333-8FDC-42A3-9474-1A3956D46DE8}") = "Security.Cryptography.X509Certificates", "Security.Cryptography.X509Certificates", "{DE340A15-E883-4F76-8AC2-2D5AA38EF01A}"
EndProject
Project("{FAE04EC0-301F-11D3-BF4B-00C04F79EFBC}") = "NerdyMishka.Security.Cryptography.X509Certificates", "nmfx\Security.Cryptography.X509Certificates\src\NerdyMishka.Security.Cryptography.X509Certificates.csproj", "{8240BBC4-2059-43EE-AB5E-71D9ECEFEEEC}"
EndProject
Project("{2150E333-8FDC-42A3-9474-1A3956D46DE8}") = "WinShim", "WinShim", "{A3D34363-7AE4-4FDD-93D9-E2375B858C68}"
EndProject
Project("{FAE04EC0-301F-11D3-BF4B-00C04F79EFBC}") = "WinShim", "nmfx\WinShim\src\WinShim.csproj", "{89F869A1-E965-4A35-897C-63AFAAE6646B}"
EndProject
Project("{2150E333-8FDC-42A3-9474-1A3956D46DE8}") = "Test.Console", "Test.Console", "{12B2919D-54F3-486C-8E63-C91EA74542C4}"
EndProject
Project("{FAE04EC0-301F-11D3-BF4B-00C04F79EFBC}") = "Test.Console", "nmfx\Test.Console\src\Test.Console.csproj", "{5F17EBBE-F649-47F7-BAB7-6B97100575B9}"
EndProject
Project("{2150E333-8FDC-42A3-9474-1A3956D46DE8}") = "Test.Api", "Test.Api", "{044A52A4-4253-4398-8A84-69A05960A5FB}"
EndProject
Project("{FAE04EC0-301F-11D3-BF4B-00C04F79EFBC}") = "Test.Api", "nmfx\Test.Api\src\Test.Api.csproj", "{608BD1B1-70EA-47DE-8C04-963BB7661403}"
EndProject
Global
	GlobalSection(SolutionConfigurationPlatforms) = preSolution
		Debug|Any CPU = Debug|Any CPU
		Debug|x64 = Debug|x64
		Debug|x86 = Debug|x86
		Release|Any CPU = Release|Any CPU
		Release|x64 = Release|x64
		Release|x86 = Release|x86
	EndGlobalSection
	GlobalSection(SolutionProperties) = preSolution
		HideSolutionNode = FALSE
	EndGlobalSection
	GlobalSection(ProjectConfigurationPlatforms) = postSolution
		{710252E4-24D8-4B13-AF42-457F3CF25CC4}.Debug|Any CPU.ActiveCfg = Debug|Any CPU
		{710252E4-24D8-4B13-AF42-457F3CF25CC4}.Debug|Any CPU.Build.0 = Debug|Any CPU
		{710252E4-24D8-4B13-AF42-457F3CF25CC4}.Debug|x64.ActiveCfg = Debug|Any CPU
		{710252E4-24D8-4B13-AF42-457F3CF25CC4}.Debug|x64.Build.0 = Debug|Any CPU
		{710252E4-24D8-4B13-AF42-457F3CF25CC4}.Debug|x86.ActiveCfg = Debug|Any CPU
		{710252E4-24D8-4B13-AF42-457F3CF25CC4}.Debug|x86.Build.0 = Debug|Any CPU
		{710252E4-24D8-4B13-AF42-457F3CF25CC4}.Release|Any CPU.ActiveCfg = Release|Any CPU
		{710252E4-24D8-4B13-AF42-457F3CF25CC4}.Release|Any CPU.Build.0 = Release|Any CPU
		{710252E4-24D8-4B13-AF42-457F3CF25CC4}.Release|x64.ActiveCfg = Release|Any CPU
		{710252E4-24D8-4B13-AF42-457F3CF25CC4}.Release|x64.Build.0 = Release|Any CPU
		{710252E4-24D8-4B13-AF42-457F3CF25CC4}.Release|x86.ActiveCfg = Release|Any CPU
		{710252E4-24D8-4B13-AF42-457F3CF25CC4}.Release|x86.Build.0 = Release|Any CPU
		{B27A75C7-1A42-4981-BE4B-06694249C301}.Debug|Any CPU.ActiveCfg = Debug|Any CPU
		{B27A75C7-1A42-4981-BE4B-06694249C301}.Debug|Any CPU.Build.0 = Debug|Any CPU
		{B27A75C7-1A42-4981-BE4B-06694249C301}.Debug|x64.ActiveCfg = Debug|Any CPU
		{B27A75C7-1A42-4981-BE4B-06694249C301}.Debug|x64.Build.0 = Debug|Any CPU
		{B27A75C7-1A42-4981-BE4B-06694249C301}.Debug|x86.ActiveCfg = Debug|Any CPU
		{B27A75C7-1A42-4981-BE4B-06694249C301}.Debug|x86.Build.0 = Debug|Any CPU
		{B27A75C7-1A42-4981-BE4B-06694249C301}.Release|Any CPU.ActiveCfg = Release|Any CPU
		{B27A75C7-1A42-4981-BE4B-06694249C301}.Release|Any CPU.Build.0 = Release|Any CPU
		{B27A75C7-1A42-4981-BE4B-06694249C301}.Release|x64.ActiveCfg = Release|Any CPU
		{B27A75C7-1A42-4981-BE4B-06694249C301}.Release|x64.Build.0 = Release|Any CPU
		{B27A75C7-1A42-4981-BE4B-06694249C301}.Release|x86.ActiveCfg = Release|Any CPU
		{B27A75C7-1A42-4981-BE4B-06694249C301}.Release|x86.Build.0 = Release|Any CPU
		{3AB3B9F4-B7CE-45F4-B0F5-72298ED07168}.Debug|Any CPU.ActiveCfg = Debug|Any CPU
		{3AB3B9F4-B7CE-45F4-B0F5-72298ED07168}.Debug|Any CPU.Build.0 = Debug|Any CPU
		{3AB3B9F4-B7CE-45F4-B0F5-72298ED07168}.Debug|x64.ActiveCfg = Debug|Any CPU
		{3AB3B9F4-B7CE-45F4-B0F5-72298ED07168}.Debug|x64.Build.0 = Debug|Any CPU
		{3AB3B9F4-B7CE-45F4-B0F5-72298ED07168}.Debug|x86.ActiveCfg = Debug|Any CPU
		{3AB3B9F4-B7CE-45F4-B0F5-72298ED07168}.Debug|x86.Build.0 = Debug|Any CPU
		{3AB3B9F4-B7CE-45F4-B0F5-72298ED07168}.Release|Any CPU.ActiveCfg = Release|Any CPU
		{3AB3B9F4-B7CE-45F4-B0F5-72298ED07168}.Release|Any CPU.Build.0 = Release|Any CPU
		{3AB3B9F4-B7CE-45F4-B0F5-72298ED07168}.Release|x64.ActiveCfg = Release|Any CPU
		{3AB3B9F4-B7CE-45F4-B0F5-72298ED07168}.Release|x64.Build.0 = Release|Any CPU
		{3AB3B9F4-B7CE-45F4-B0F5-72298ED07168}.Release|x86.ActiveCfg = Release|Any CPU
		{3AB3B9F4-B7CE-45F4-B0F5-72298ED07168}.Release|x86.Build.0 = Release|Any CPU
		{4F646F2E-B3D6-4ED8-8A52-3CEA439486DF}.Debug|Any CPU.ActiveCfg = Debug|Any CPU
		{4F646F2E-B3D6-4ED8-8A52-3CEA439486DF}.Debug|Any CPU.Build.0 = Debug|Any CPU
		{4F646F2E-B3D6-4ED8-8A52-3CEA439486DF}.Debug|x64.ActiveCfg = Debug|Any CPU
		{4F646F2E-B3D6-4ED8-8A52-3CEA439486DF}.Debug|x64.Build.0 = Debug|Any CPU
		{4F646F2E-B3D6-4ED8-8A52-3CEA439486DF}.Debug|x86.ActiveCfg = Debug|Any CPU
		{4F646F2E-B3D6-4ED8-8A52-3CEA439486DF}.Debug|x86.Build.0 = Debug|Any CPU
		{4F646F2E-B3D6-4ED8-8A52-3CEA439486DF}.Release|Any CPU.ActiveCfg = Release|Any CPU
		{4F646F2E-B3D6-4ED8-8A52-3CEA439486DF}.Release|Any CPU.Build.0 = Release|Any CPU
		{4F646F2E-B3D6-4ED8-8A52-3CEA439486DF}.Release|x64.ActiveCfg = Release|Any CPU
		{4F646F2E-B3D6-4ED8-8A52-3CEA439486DF}.Release|x64.Build.0 = Release|Any CPU
		{4F646F2E-B3D6-4ED8-8A52-3CEA439486DF}.Release|x86.ActiveCfg = Release|Any CPU
		{4F646F2E-B3D6-4ED8-8A52-3CEA439486DF}.Release|x86.Build.0 = Release|Any CPU
		{E9F74DB6-0B73-431E-A821-8D97871B1065}.Debug|Any CPU.ActiveCfg = Debug|Any CPU
		{E9F74DB6-0B73-431E-A821-8D97871B1065}.Debug|Any CPU.Build.0 = Debug|Any CPU
		{E9F74DB6-0B73-431E-A821-8D97871B1065}.Debug|x64.ActiveCfg = Debug|Any CPU
		{E9F74DB6-0B73-431E-A821-8D97871B1065}.Debug|x64.Build.0 = Debug|Any CPU
		{E9F74DB6-0B73-431E-A821-8D97871B1065}.Debug|x86.ActiveCfg = Debug|Any CPU
		{E9F74DB6-0B73-431E-A821-8D97871B1065}.Debug|x86.Build.0 = Debug|Any CPU
		{E9F74DB6-0B73-431E-A821-8D97871B1065}.Release|Any CPU.ActiveCfg = Release|Any CPU
		{E9F74DB6-0B73-431E-A821-8D97871B1065}.Release|Any CPU.Build.0 = Release|Any CPU
		{E9F74DB6-0B73-431E-A821-8D97871B1065}.Release|x64.ActiveCfg = Release|Any CPU
		{E9F74DB6-0B73-431E-A821-8D97871B1065}.Release|x64.Build.0 = Release|Any CPU
		{E9F74DB6-0B73-431E-A821-8D97871B1065}.Release|x86.ActiveCfg = Release|Any CPU
		{E9F74DB6-0B73-431E-A821-8D97871B1065}.Release|x86.Build.0 = Release|Any CPU
		{68802C6F-5C08-4FA6-964C-EEA5B83BACA4}.Debug|Any CPU.ActiveCfg = Debug|Any CPU
		{68802C6F-5C08-4FA6-964C-EEA5B83BACA4}.Debug|Any CPU.Build.0 = Debug|Any CPU
		{68802C6F-5C08-4FA6-964C-EEA5B83BACA4}.Debug|x64.ActiveCfg = Debug|Any CPU
		{68802C6F-5C08-4FA6-964C-EEA5B83BACA4}.Debug|x64.Build.0 = Debug|Any CPU
		{68802C6F-5C08-4FA6-964C-EEA5B83BACA4}.Debug|x86.ActiveCfg = Debug|Any CPU
		{68802C6F-5C08-4FA6-964C-EEA5B83BACA4}.Debug|x86.Build.0 = Debug|Any CPU
		{68802C6F-5C08-4FA6-964C-EEA5B83BACA4}.Release|Any CPU.ActiveCfg = Release|Any CPU
		{68802C6F-5C08-4FA6-964C-EEA5B83BACA4}.Release|Any CPU.Build.0 = Release|Any CPU
		{68802C6F-5C08-4FA6-964C-EEA5B83BACA4}.Release|x64.ActiveCfg = Release|Any CPU
		{68802C6F-5C08-4FA6-964C-EEA5B83BACA4}.Release|x64.Build.0 = Release|Any CPU
		{68802C6F-5C08-4FA6-964C-EEA5B83BACA4}.Release|x86.ActiveCfg = Release|Any CPU
		{68802C6F-5C08-4FA6-964C-EEA5B83BACA4}.Release|x86.Build.0 = Release|Any CPU
		{534893EF-B17E-42A8-9232-E3644FB2A76A}.Debug|Any CPU.ActiveCfg = Debug|Any CPU
		{534893EF-B17E-42A8-9232-E3644FB2A76A}.Debug|Any CPU.Build.0 = Debug|Any CPU
		{534893EF-B17E-42A8-9232-E3644FB2A76A}.Debug|x64.ActiveCfg = Debug|Any CPU
		{534893EF-B17E-42A8-9232-E3644FB2A76A}.Debug|x64.Build.0 = Debug|Any CPU
		{534893EF-B17E-42A8-9232-E3644FB2A76A}.Debug|x86.ActiveCfg = Debug|Any CPU
		{534893EF-B17E-42A8-9232-E3644FB2A76A}.Debug|x86.Build.0 = Debug|Any CPU
		{534893EF-B17E-42A8-9232-E3644FB2A76A}.Release|Any CPU.ActiveCfg = Release|Any CPU
		{534893EF-B17E-42A8-9232-E3644FB2A76A}.Release|Any CPU.Build.0 = Release|Any CPU
		{534893EF-B17E-42A8-9232-E3644FB2A76A}.Release|x64.ActiveCfg = Release|Any CPU
		{534893EF-B17E-42A8-9232-E3644FB2A76A}.Release|x64.Build.0 = Release|Any CPU
		{534893EF-B17E-42A8-9232-E3644FB2A76A}.Release|x86.ActiveCfg = Release|Any CPU
		{534893EF-B17E-42A8-9232-E3644FB2A76A}.Release|x86.Build.0 = Release|Any CPU
		{E2912182-242E-4CF6-AFDC-8B1FDECDF3C8}.Debug|Any CPU.ActiveCfg = Debug|Any CPU
		{E2912182-242E-4CF6-AFDC-8B1FDECDF3C8}.Debug|Any CPU.Build.0 = Debug|Any CPU
		{E2912182-242E-4CF6-AFDC-8B1FDECDF3C8}.Debug|x64.ActiveCfg = Debug|Any CPU
		{E2912182-242E-4CF6-AFDC-8B1FDECDF3C8}.Debug|x64.Build.0 = Debug|Any CPU
		{E2912182-242E-4CF6-AFDC-8B1FDECDF3C8}.Debug|x86.ActiveCfg = Debug|Any CPU
		{E2912182-242E-4CF6-AFDC-8B1FDECDF3C8}.Debug|x86.Build.0 = Debug|Any CPU
		{E2912182-242E-4CF6-AFDC-8B1FDECDF3C8}.Release|Any CPU.ActiveCfg = Release|Any CPU
		{E2912182-242E-4CF6-AFDC-8B1FDECDF3C8}.Release|Any CPU.Build.0 = Release|Any CPU
		{E2912182-242E-4CF6-AFDC-8B1FDECDF3C8}.Release|x64.ActiveCfg = Release|Any CPU
		{E2912182-242E-4CF6-AFDC-8B1FDECDF3C8}.Release|x64.Build.0 = Release|Any CPU
		{E2912182-242E-4CF6-AFDC-8B1FDECDF3C8}.Release|x86.ActiveCfg = Release|Any CPU
		{E2912182-242E-4CF6-AFDC-8B1FDECDF3C8}.Release|x86.Build.0 = Release|Any CPU
		{A466CA88-BEA2-4629-84B9-003B256B0AB7}.Debug|Any CPU.ActiveCfg = Debug|Any CPU
		{A466CA88-BEA2-4629-84B9-003B256B0AB7}.Debug|Any CPU.Build.0 = Debug|Any CPU
		{A466CA88-BEA2-4629-84B9-003B256B0AB7}.Debug|x64.ActiveCfg = Debug|Any CPU
		{A466CA88-BEA2-4629-84B9-003B256B0AB7}.Debug|x64.Build.0 = Debug|Any CPU
		{A466CA88-BEA2-4629-84B9-003B256B0AB7}.Debug|x86.ActiveCfg = Debug|Any CPU
		{A466CA88-BEA2-4629-84B9-003B256B0AB7}.Debug|x86.Build.0 = Debug|Any CPU
		{A466CA88-BEA2-4629-84B9-003B256B0AB7}.Release|Any CPU.ActiveCfg = Release|Any CPU
		{A466CA88-BEA2-4629-84B9-003B256B0AB7}.Release|Any CPU.Build.0 = Release|Any CPU
		{A466CA88-BEA2-4629-84B9-003B256B0AB7}.Release|x64.ActiveCfg = Release|Any CPU
		{A466CA88-BEA2-4629-84B9-003B256B0AB7}.Release|x64.Build.0 = Release|Any CPU
		{A466CA88-BEA2-4629-84B9-003B256B0AB7}.Release|x86.ActiveCfg = Release|Any CPU
		{A466CA88-BEA2-4629-84B9-003B256B0AB7}.Release|x86.Build.0 = Release|Any CPU
		{97A37C8F-01F6-4BC0-AEE5-7A316AF7D69E}.Debug|Any CPU.ActiveCfg = Debug|Any CPU
		{97A37C8F-01F6-4BC0-AEE5-7A316AF7D69E}.Debug|Any CPU.Build.0 = Debug|Any CPU
		{97A37C8F-01F6-4BC0-AEE5-7A316AF7D69E}.Debug|x64.ActiveCfg = Debug|Any CPU
		{97A37C8F-01F6-4BC0-AEE5-7A316AF7D69E}.Debug|x64.Build.0 = Debug|Any CPU
		{97A37C8F-01F6-4BC0-AEE5-7A316AF7D69E}.Debug|x86.ActiveCfg = Debug|Any CPU
		{97A37C8F-01F6-4BC0-AEE5-7A316AF7D69E}.Debug|x86.Build.0 = Debug|Any CPU
		{97A37C8F-01F6-4BC0-AEE5-7A316AF7D69E}.Release|Any CPU.ActiveCfg = Release|Any CPU
		{97A37C8F-01F6-4BC0-AEE5-7A316AF7D69E}.Release|Any CPU.Build.0 = Release|Any CPU
		{97A37C8F-01F6-4BC0-AEE5-7A316AF7D69E}.Release|x64.ActiveCfg = Release|Any CPU
		{97A37C8F-01F6-4BC0-AEE5-7A316AF7D69E}.Release|x64.Build.0 = Release|Any CPU
		{97A37C8F-01F6-4BC0-AEE5-7A316AF7D69E}.Release|x86.ActiveCfg = Release|Any CPU
		{97A37C8F-01F6-4BC0-AEE5-7A316AF7D69E}.Release|x86.Build.0 = Release|Any CPU
		{5E852DBC-8AAF-44B9-95A1-7D853896210B}.Debug|Any CPU.ActiveCfg = Debug|Any CPU
		{5E852DBC-8AAF-44B9-95A1-7D853896210B}.Debug|Any CPU.Build.0 = Debug|Any CPU
		{5E852DBC-8AAF-44B9-95A1-7D853896210B}.Debug|x64.ActiveCfg = Debug|Any CPU
		{5E852DBC-8AAF-44B9-95A1-7D853896210B}.Debug|x64.Build.0 = Debug|Any CPU
		{5E852DBC-8AAF-44B9-95A1-7D853896210B}.Debug|x86.ActiveCfg = Debug|Any CPU
		{5E852DBC-8AAF-44B9-95A1-7D853896210B}.Debug|x86.Build.0 = Debug|Any CPU
		{5E852DBC-8AAF-44B9-95A1-7D853896210B}.Release|Any CPU.ActiveCfg = Release|Any CPU
		{5E852DBC-8AAF-44B9-95A1-7D853896210B}.Release|Any CPU.Build.0 = Release|Any CPU
		{5E852DBC-8AAF-44B9-95A1-7D853896210B}.Release|x64.ActiveCfg = Release|Any CPU
		{5E852DBC-8AAF-44B9-95A1-7D853896210B}.Release|x64.Build.0 = Release|Any CPU
		{5E852DBC-8AAF-44B9-95A1-7D853896210B}.Release|x86.ActiveCfg = Release|Any CPU
		{5E852DBC-8AAF-44B9-95A1-7D853896210B}.Release|x86.Build.0 = Release|Any CPU
		{8240BBC4-2059-43EE-AB5E-71D9ECEFEEEC}.Debug|Any CPU.ActiveCfg = Debug|Any CPU
		{8240BBC4-2059-43EE-AB5E-71D9ECEFEEEC}.Debug|Any CPU.Build.0 = Debug|Any CPU
		{8240BBC4-2059-43EE-AB5E-71D9ECEFEEEC}.Debug|x64.ActiveCfg = Debug|Any CPU
		{8240BBC4-2059-43EE-AB5E-71D9ECEFEEEC}.Debug|x64.Build.0 = Debug|Any CPU
		{8240BBC4-2059-43EE-AB5E-71D9ECEFEEEC}.Debug|x86.ActiveCfg = Debug|Any CPU
		{8240BBC4-2059-43EE-AB5E-71D9ECEFEEEC}.Debug|x86.Build.0 = Debug|Any CPU
		{8240BBC4-2059-43EE-AB5E-71D9ECEFEEEC}.Release|Any CPU.ActiveCfg = Release|Any CPU
		{8240BBC4-2059-43EE-AB5E-71D9ECEFEEEC}.Release|Any CPU.Build.0 = Release|Any CPU
		{8240BBC4-2059-43EE-AB5E-71D9ECEFEEEC}.Release|x64.ActiveCfg = Release|Any CPU
		{8240BBC4-2059-43EE-AB5E-71D9ECEFEEEC}.Release|x64.Build.0 = Release|Any CPU
		{8240BBC4-2059-43EE-AB5E-71D9ECEFEEEC}.Release|x86.ActiveCfg = Release|Any CPU
		{8240BBC4-2059-43EE-AB5E-71D9ECEFEEEC}.Release|x86.Build.0 = Release|Any CPU
		{89F869A1-E965-4A35-897C-63AFAAE6646B}.Debug|Any CPU.ActiveCfg = Debug|Any CPU
		{89F869A1-E965-4A35-897C-63AFAAE6646B}.Debug|Any CPU.Build.0 = Debug|Any CPU
		{89F869A1-E965-4A35-897C-63AFAAE6646B}.Debug|x64.ActiveCfg = Debug|Any CPU
		{89F869A1-E965-4A35-897C-63AFAAE6646B}.Debug|x64.Build.0 = Debug|Any CPU
		{89F869A1-E965-4A35-897C-63AFAAE6646B}.Debug|x86.ActiveCfg = Debug|Any CPU
		{89F869A1-E965-4A35-897C-63AFAAE6646B}.Debug|x86.Build.0 = Debug|Any CPU
		{89F869A1-E965-4A35-897C-63AFAAE6646B}.Release|Any CPU.ActiveCfg = Release|Any CPU
		{89F869A1-E965-4A35-897C-63AFAAE6646B}.Release|Any CPU.Build.0 = Release|Any CPU
		{89F869A1-E965-4A35-897C-63AFAAE6646B}.Release|x64.ActiveCfg = Release|Any CPU
		{89F869A1-E965-4A35-897C-63AFAAE6646B}.Release|x64.Build.0 = Release|Any CPU
		{89F869A1-E965-4A35-897C-63AFAAE6646B}.Release|x86.ActiveCfg = Release|Any CPU
		{89F869A1-E965-4A35-897C-63AFAAE6646B}.Release|x86.Build.0 = Release|Any CPU
		{5F17EBBE-F649-47F7-BAB7-6B97100575B9}.Debug|Any CPU.ActiveCfg = Debug|Any CPU
		{5F17EBBE-F649-47F7-BAB7-6B97100575B9}.Debug|Any CPU.Build.0 = Debug|Any CPU
		{5F17EBBE-F649-47F7-BAB7-6B97100575B9}.Debug|x64.ActiveCfg = Debug|Any CPU
		{5F17EBBE-F649-47F7-BAB7-6B97100575B9}.Debug|x64.Build.0 = Debug|Any CPU
		{5F17EBBE-F649-47F7-BAB7-6B97100575B9}.Debug|x86.ActiveCfg = Debug|Any CPU
		{5F17EBBE-F649-47F7-BAB7-6B97100575B9}.Debug|x86.Build.0 = Debug|Any CPU
		{5F17EBBE-F649-47F7-BAB7-6B97100575B9}.Release|Any CPU.ActiveCfg = Release|Any CPU
		{5F17EBBE-F649-47F7-BAB7-6B97100575B9}.Release|Any CPU.Build.0 = Release|Any CPU
		{5F17EBBE-F649-47F7-BAB7-6B97100575B9}.Release|x64.ActiveCfg = Release|Any CPU
		{5F17EBBE-F649-47F7-BAB7-6B97100575B9}.Release|x64.Build.0 = Release|Any CPU
		{5F17EBBE-F649-47F7-BAB7-6B97100575B9}.Release|x86.ActiveCfg = Release|Any CPU
		{5F17EBBE-F649-47F7-BAB7-6B97100575B9}.Release|x86.Build.0 = Release|Any CPU
		{608BD1B1-70EA-47DE-8C04-963BB7661403}.Debug|Any CPU.ActiveCfg = Debug|Any CPU
		{608BD1B1-70EA-47DE-8C04-963BB7661403}.Debug|Any CPU.Build.0 = Debug|Any CPU
		{608BD1B1-70EA-47DE-8C04-963BB7661403}.Debug|x64.ActiveCfg = Debug|Any CPU
		{608BD1B1-70EA-47DE-8C04-963BB7661403}.Debug|x64.Build.0 = Debug|Any CPU
		{608BD1B1-70EA-47DE-8C04-963BB7661403}.Debug|x86.ActiveCfg = Debug|Any CPU
		{608BD1B1-70EA-47DE-8C04-963BB7661403}.Debug|x86.Build.0 = Debug|Any CPU
		{608BD1B1-70EA-47DE-8C04-963BB7661403}.Release|Any CPU.ActiveCfg = Release|Any CPU
		{608BD1B1-70EA-47DE-8C04-963BB7661403}.Release|Any CPU.Build.0 = Release|Any CPU
		{608BD1B1-70EA-47DE-8C04-963BB7661403}.Release|x64.ActiveCfg = Release|Any CPU
		{608BD1B1-70EA-47DE-8C04-963BB7661403}.Release|x64.Build.0 = Release|Any CPU
		{608BD1B1-70EA-47DE-8C04-963BB7661403}.Release|x86.ActiveCfg = Release|Any CPU
		{608BD1B1-70EA-47DE-8C04-963BB7661403}.Release|x86.Build.0 = Release|Any CPU
	EndGlobalSection
	GlobalSection(NestedProjects) = preSolution
		{E6496690-FE59-4181-B3D3-5B767DDC615C} = {10969D9F-C70B-4A52-B772-ACDFE02BE50D}
		{710252E4-24D8-4B13-AF42-457F3CF25CC4} = {E6496690-FE59-4181-B3D3-5B767DDC615C}
		{3CD1D9B4-2C2F-4D22-A9BD-A444E4B9B880} = {10969D9F-C70B-4A52-B772-ACDFE02BE50D}
		{B27A75C7-1A42-4981-BE4B-06694249C301} = {3CD1D9B4-2C2F-4D22-A9BD-A444E4B9B880}
		{584C741A-0D61-457D-83FE-AB6C6213F5F5} = {10969D9F-C70B-4A52-B772-ACDFE02BE50D}
		{3AB3B9F4-B7CE-45F4-B0F5-72298ED07168} = {584C741A-0D61-457D-83FE-AB6C6213F5F5}
		{8B5DE5B7-0769-4190-BB0C-7114CA3814FF} = {10969D9F-C70B-4A52-B772-ACDFE02BE50D}
		{4F646F2E-B3D6-4ED8-8A52-3CEA439486DF} = {8B5DE5B7-0769-4190-BB0C-7114CA3814FF}
		{C336A8D6-BE36-46B5-858D-CDCE74F5D5A2} = {10969D9F-C70B-4A52-B772-ACDFE02BE50D}
		{E9F74DB6-0B73-431E-A821-8D97871B1065} = {C336A8D6-BE36-46B5-858D-CDCE74F5D5A2}
		{611921CF-5EAE-49EA-BC4F-9A146DCACF39} = {10969D9F-C70B-4A52-B772-ACDFE02BE50D}
		{68802C6F-5C08-4FA6-964C-EEA5B83BACA4} = {611921CF-5EAE-49EA-BC4F-9A146DCACF39}
		{B8BDE724-5BE0-42FE-A67D-1E7FD67DDEE3} = {10969D9F-C70B-4A52-B772-ACDFE02BE50D}
		{534893EF-B17E-42A8-9232-E3644FB2A76A} = {B8BDE724-5BE0-42FE-A67D-1E7FD67DDEE3}
		{2A80F781-A387-4F12-B81E-CBB8485FF72C} = {10969D9F-C70B-4A52-B772-ACDFE02BE50D}
		{E2912182-242E-4CF6-AFDC-8B1FDECDF3C8} = {2A80F781-A387-4F12-B81E-CBB8485FF72C}
		{43D2DE7C-D6BF-4CCA-BD70-500AC86929B4} = {10969D9F-C70B-4A52-B772-ACDFE02BE50D}
		{A466CA88-BEA2-4629-84B9-003B256B0AB7} = {43D2DE7C-D6BF-4CCA-BD70-500AC86929B4}
		{0A56AAA6-ADF5-4ED2-86DA-FA1AACCAC506} = {10969D9F-C70B-4A52-B772-ACDFE02BE50D}
		{97A37C8F-01F6-4BC0-AEE5-7A316AF7D69E} = {0A56AAA6-ADF5-4ED2-86DA-FA1AACCAC506}
		{588990CC-B243-4FFC-90E8-2A58F5DB9D79} = {10969D9F-C70B-4A52-B772-ACDFE02BE50D}
		{5E852DBC-8AAF-44B9-95A1-7D853896210B} = {588990CC-B243-4FFC-90E8-2A58F5DB9D79}
		{DE340A15-E883-4F76-8AC2-2D5AA38EF01A} = {10969D9F-C70B-4A52-B772-ACDFE02BE50D}
		{8240BBC4-2059-43EE-AB5E-71D9ECEFEEEC} = {DE340A15-E883-4F76-8AC2-2D5AA38EF01A}
		{A3D34363-7AE4-4FDD-93D9-E2375B858C68} = {10969D9F-C70B-4A52-B772-ACDFE02BE50D}
		{89F869A1-E965-4A35-897C-63AFAAE6646B} = {A3D34363-7AE4-4FDD-93D9-E2375B858C68}
		{12B2919D-54F3-486C-8E63-C91EA74542C4} = {10969D9F-C70B-4A52-B772-ACDFE02BE50D}
		{5F17EBBE-F649-47F7-BAB7-6B97100575B9} = {12B2919D-54F3-486C-8E63-C91EA74542C4}
		{044A52A4-4253-4398-8A84-69A05960A5FB} = {10969D9F-C70B-4A52-B772-ACDFE02BE50D}
		{608BD1B1-70EA-47DE-8C04-963BB7661403} = {044A52A4-4253-4398-8A84-69A05960A5FB}
	EndGlobalSection
EndGlobal
